<?xml version="1.0" encoding="utf-8"?>
<Project ToolsVersion="4.0" xmlns="http://schemas.microsoft.com/developer/msbuild/2003">
  <ItemGroup>
    <Filter Include="Source Files">
      <UniqueIdentifier>{4FC737F1-C7A5-4376-A066-2A32D752A2FF}</UniqueIdentifier>
      <Extensions>cpp;c;cc;cxx;c++;cppm;ixx;def;odl;idl;hpj;bat;asm;asmx</Extensions>
    </Filter>
    <Filter Include="Logic">
      <UniqueIdentifier>{91f379b7-2cde-43dd-95b6-f15a8d0234e4}</UniqueIdentifier>
    </Filter>
    <Filter Include="Domain">
      <UniqueIdentifier>{65b7f9f8-8348-4552-a493-992f50ad87fc}</UniqueIdentifier>
    </Filter>
    <Filter Include="Logic\CoevolutionAlgorithm">
      <UniqueIdentifier>{b7a7d5a9-8e90-40e0-9f5f-34f25a202d96}</UniqueIdentifier>
    </Filter>
    <Filter Include="Logic\GeneticAlgorithm">
      <UniqueIdentifier>{c59f5470-fe9e-4b6e-b88d-cae23c71d416}</UniqueIdentifier>
    </Filter>
    <Filter Include="Logic\Agent">
      <UniqueIdentifier>{4913227c-5072-454f-83c5-5dbb2ea53569}</UniqueIdentifier>
    </Filter>
    <Filter Include="Logic\Species">
      <UniqueIdentifier>{35b37c88-f83f-440e-82e5-539080d09b69}</UniqueIdentifier>
    </Filter>
    <Filter Include="Domain\Environment">
      <UniqueIdentifier>{4d5e3397-c7ae-4f76-837a-7d29d8019d42}</UniqueIdentifier>
    </Filter>
    <Filter Include="Utilities">
      <UniqueIdentifier>{ceacb30e-496b-4ca4-8f06-6129e8d933ad}</UniqueIdentifier>
    </Filter>
    <Filter Include="Logic\Simulation">
      <UniqueIdentifier>{c01fcb59-d920-4839-a9e2-cee3e122863f}</UniqueIdentifier>
    </Filter>
    <Filter Include="OldMocks">
      <UniqueIdentifier>{eb5f7da8-c0e3-4477-970b-615397a017f0}</UniqueIdentifier>
    </Filter>
    <Filter Include="Logic\Archive">
      <UniqueIdentifier>{538df615-cc76-4445-a9ab-680ce92f1a94}</UniqueIdentifier>
    </Filter>
  </ItemGroup>
  <ItemGroup>
    <ClCompile Include="CoevolutionAlgorithm.cpp">
      <Filter>Logic\CoevolutionAlgorithm</Filter>
    </ClCompile>
    <ClCompile Include="GeneticAlgorithm.cpp">
      <Filter>Logic\GeneticAlgorithm</Filter>
    </ClCompile>
    <ClCompile Include="Species.cpp">
      <Filter>Logic\Species</Filter>
    </ClCompile>
    <ClCompile Include="Agent.cpp">
      <Filter>Logic\Agent</Filter>
    </ClCompile>
    <ClCompile Include="Utilities.cpp">
      <Filter>Utilities</Filter>
    </ClCompile>
    <ClCompile Include="Simulation.cpp">
      <Filter>Logic\Simulation</Filter>
    </ClCompile>
    <ClCompile Include="CreatureOld.cpp">
      <Filter>OldMocks</Filter>
    </ClCompile>
    <ClCompile Include="CoevolutionOld.cpp">
      <Filter>OldMocks</Filter>
    </ClCompile>
    <ClCompile Include="Archive.cpp">
      <Filter>Logic\Archive</Filter>
    </ClCompile>
    <ClCompile Include="Coevolution.cpp">
      <Filter>Source Files</Filter>
    </ClCompile>
    <ClCompile Include="Environment.cpp">
      <Filter>Domain\Environment</Filter>
    </ClCompile>
  </ItemGroup>
  <ItemGroup>
    <ClInclude Include="CoevolutionAlgorithm.h">
      <Filter>Logic\CoevolutionAlgorithm</Filter>
    </ClInclude>
    <ClInclude Include="GeneticAlgorithm.h">
      <Filter>Logic\GeneticAlgorithm</Filter>
    </ClInclude>
    <ClInclude Include="Species.h">
      <Filter>Logic\Species</Filter>
    </ClInclude>
    <ClInclude Include="Agent.h">
      <Filter>Logic\Agent</Filter>
    </ClInclude>
    <ClInclude Include="Environment.h">
      <Filter>Domain\Environment</Filter>
    </ClInclude>
    <ClInclude Include="Utilities.h">
      <Filter>Utilities</Filter>
    </ClInclude>
    <ClInclude Include="Simulation.h">
      <Filter>Logic\Simulation</Filter>
    </ClInclude>
    <ClInclude Include="Archive.h">
      <Filter>Logic\Archive</Filter>
    </ClInclude>
  </ItemGroup>
</Project>